
Microsoft Visual Studio Solution File, Format Version 12.00
# Visual Studio Version 16
VisualStudioVersion = 16.0.31410.357
MinimumVisualStudioVersion = 10.0.40219.1
Project("{FAE04EC0-301F-11D3-BF4B-00C04F79EFBC}") = "MyLibs.Serialisation", "MyLibs.Serialisation\MyLibs.Serialisation.csproj", "{ABD6D593-D9DC-4517-8F6D-843DCE6F9760}"
EndProject
Global
	GlobalSection(SolutionConfigurationPlatforms) = preSolution
		Debug|Any CPU = Debug|Any CPU
		Release|Any CPU = Release|Any CPU
	EndGlobalSection
	GlobalSection(ProjectConfigurationPlatforms) = postSolution
		{ABD6D593-D9DC-4517-8F6D-843DCE6F9760}.Debug|Any CPU.ActiveCfg = Debug|Any CPU
		{ABD6D593-D9DC-4517-8F6D-843DCE6F9760}.Debug|Any CPU.Build.0 = Debug|Any CPU
		{ABD6D593-D9DC-4517-8F6D-843DCE6F9760}.Release|Any CPU.ActiveCfg = Release|Any CPU
		{ABD6D593-D9DC-4517-8F6D-843DCE6F9760}.Release|Any CPU.Build.0 = Release|Any CPU
	EndGlobalSection
	GlobalSection(SolutionProperties) = preSolution
		HideSolutionNode = FALSE
	EndGlobalSection
	GlobalSection(ExtensibilityGlobals) = postSolution
		SolutionGuid = {86D2C45A-4545-4564-94B7-D051621736E2}
	EndGlobalSection
EndGlobal
